
Microsoft Visual Studio Solution File, Format Version 12.00
# Visual Studio Version 17
VisualStudioVersion = 17.8.34330.188
MinimumVisualStudioVersion = 10.0.40219.1
Project("{FAE04EC0-301F-11D3-BF4B-00C04F79EFBC}") = "stateMangement", "stateMangement\stateMangement.csproj", "{79AAEBEC-28FE-4475-B3CE-59F907E7B30B}"
EndProject
Global
	GlobalSection(SolutionConfigurationPlatforms) = preSolution
		Debug|Any CPU = Debug|Any CPU
		Release|Any CPU = Release|Any CPU
	EndGlobalSection
	GlobalSection(ProjectConfigurationPlatforms) = postSolution
		{79AAEBEC-28FE-4475-B3CE-59F907E7B30B}.Debug|Any CPU.ActiveCfg = Debug|Any CPU
		{79AAEBEC-28FE-4475-B3CE-59F907E7B30B}.Debug|Any CPU.Build.0 = Debug|Any CPU
		{79AAEBEC-28FE-4475-B3CE-59F907E7B30B}.Release|Any CPU.ActiveCfg = Release|Any CPU
		{79AAEBEC-28FE-4475-B3CE-59F907E7B30B}.Release|Any CPU.Build.0 = Release|Any CPU
	EndGlobalSection
	GlobalSection(SolutionProperties) = preSolution
		HideSolutionNode = FALSE
	EndGlobalSection
	GlobalSection(ExtensibilityGlobals) = postSolution
		SolutionGuid = {1763B3E5-94B0-4626-B7A9-327B6F671EDE}
	EndGlobalSection
EndGlobal
